
Microsoft Visual Studio Solution File, Format Version 12.00
# Visual Studio 15
VisualStudioVersion = 15.0.28307.329
MinimumVisualStudioVersion = 10.0.40219.1
Project("{E24C65DC-7377-472B-9ABA-BC803B73C61A}") = "EPS", "http://localhost/EPS", "{8376F2F9-5D49-4DB7-8E97-12B8340AA8B8}"
	ProjectSection(WebsiteProperties) = preProject
		TargetFramework = "3.5"
		Debug.AspNetCompiler.VirtualPath = "/EPS"
		Debug.AspNetCompiler.PhysicalPath = "..\..\..\..\..\..\work\Grants2015\EPS\"
		Debug.AspNetCompiler.TargetPath = "PrecompiledWeb\EPS\"
		Debug.AspNetCompiler.Updateable = "true"
		Debug.AspNetCompiler.ForceOverwrite = "true"
		Debug.AspNetCompiler.FixedNames = "false"
		Debug.AspNetCompiler.Debug = "True"
		Release.AspNetCompiler.VirtualPath = "/EPS"
		Release.AspNetCompiler.PhysicalPath = "..\..\..\..\..\..\work\Grants2015\EPS\"
		Release.AspNetCompiler.TargetPath = "PrecompiledWeb\EPS\"
		Release.AspNetCompiler.Updateable = "true"
		Release.AspNetCompiler.ForceOverwrite = "true"
		Release.AspNetCompiler.FixedNames = "false"
		Release.AspNetCompiler.Debug = "False"
		SlnRelativePath = "..\..\..\..\..\..\work\Grants2015\EPS\"
	EndProjectSection
EndProject
Global
	GlobalSection(SolutionConfigurationPlatforms) = preSolution
		Debug|.NET = Debug|.NET
	EndGlobalSection
	GlobalSection(ProjectConfigurationPlatforms) = postSolution
		{8376F2F9-5D49-4DB7-8E97-12B8340AA8B8}.Debug|.NET.ActiveCfg = Debug|.NET
		{8376F2F9-5D49-4DB7-8E97-12B8340AA8B8}.Debug|.NET.Build.0 = Debug|.NET
	EndGlobalSection
	GlobalSection(SolutionProperties) = preSolution
		HideSolutionNode = FALSE
	EndGlobalSection
	GlobalSection(ExtensibilityGlobals) = postSolution
		SolutionGuid = {0C642B9A-BEDD-4432-87DD-2306B32C64F4}
	EndGlobalSection
EndGlobal
