
Microsoft Visual Studio Solution File, Format Version 12.00
# Visual Studio Version 16
VisualStudioVersion = 16.0.30204.135
MinimumVisualStudioVersion = 10.0.40219.1
Project("{FAE04EC0-301F-11D3-BF4B-00C04F79EFBC}") = "ImproperPaymentV2", "ImproperPaymentV2\ImproperPaymentV2.csproj", "{CE7C075D-3532-4CCA-B00F-335ECC5751DC}"
EndProject
Global
	GlobalSection(SolutionConfigurationPlatforms) = preSolution
		Debug|Any CPU = Debug|Any CPU
		Release|Any CPU = Release|Any CPU
	EndGlobalSection
	GlobalSection(ProjectConfigurationPlatforms) = postSolution
		{CE7C075D-3532-4CCA-B00F-335ECC5751DC}.Debug|Any CPU.ActiveCfg = Debug|Any CPU
		{CE7C075D-3532-4CCA-B00F-335ECC5751DC}.Debug|Any CPU.Build.0 = Debug|Any CPU
		{CE7C075D-3532-4CCA-B00F-335ECC5751DC}.Release|Any CPU.ActiveCfg = Release|Any CPU
		{CE7C075D-3532-4CCA-B00F-335ECC5751DC}.Release|Any CPU.Build.0 = Release|Any CPU
	EndGlobalSection
	GlobalSection(SolutionProperties) = preSolution
		HideSolutionNode = FALSE
	EndGlobalSection
	GlobalSection(ExtensibilityGlobals) = postSolution
		SolutionGuid = {D14B3222-2076-41C3-87A7-B02B49DBEF91}
	EndGlobalSection
	GlobalSection(TeamFoundationVersionControl) = preSolution
		SccNumberOfProjects = 1
		SccEnterpriseProvider = {4CA58AB2-18FA-4F8D-95D4-32DDF27D184C}
		SccTeamFoundationServer = https://eec-dv-wb-w006/finance
		SccProjectUniqueName0 = ImproperPaymentV2\\ImproperPaymentV2.csproj
		SccProjectName0 = ImproperPaymentV2
		SccAuxPath0 = https://eec-dv-wb-w006/finance
		SccLocalPath0 = ImproperPaymentV2
		SccProvider0 = {4CA58AB2-18FA-4F8D-95D4-32DDF27D184C}
	EndGlobalSection
EndGlobal
