
Microsoft Visual Studio Solution File, Format Version 12.00
# Visual Studio 15
VisualStudioVersion = 15.0.27703.2042
MinimumVisualStudioVersion = 10.0.40219.1
Project("{E24C65DC-7377-472B-9ABA-BC803B73C61A}") = "Grants323", "..\Grants323", "{B56DAB45-C086-4F9C-99F7-8BC9619365C8}"
	ProjectSection(WebsiteProperties) = preProject
		SccProjectName = "SAK"
		SccAuxPath = "SAK"
		SccLocalPath = "SAK"
		SccProvider = "SAK"
		TargetFrameworkMoniker = ".NETFramework,Version%3Dv3.5"
		Debug.AspNetCompiler.VirtualPath = "/localhost_49464"
		Debug.AspNetCompiler.PhysicalPath = "..\Grants323\"
		Debug.AspNetCompiler.TargetPath = "PrecompiledWeb\localhost_49464\"
		Debug.AspNetCompiler.Updateable = "true"
		Debug.AspNetCompiler.ForceOverwrite = "true"
		Debug.AspNetCompiler.FixedNames = "false"
		Debug.AspNetCompiler.Debug = "True"
		Release.AspNetCompiler.VirtualPath = "/localhost_49464"
		Release.AspNetCompiler.PhysicalPath = "..\Grants323\"
		Release.AspNetCompiler.TargetPath = "PrecompiledWeb\localhost_49464\"
		Release.AspNetCompiler.Updateable = "true"
		Release.AspNetCompiler.ForceOverwrite = "true"
		Release.AspNetCompiler.FixedNames = "false"
		Release.AspNetCompiler.Debug = "False"
		VWDPort = "49464"
		SlnRelativePath = "..\Grants323\"
	EndProjectSection
EndProject
Global
	GlobalSection(SolutionConfigurationPlatforms) = preSolution
		Debug|Any CPU = Debug|Any CPU
	EndGlobalSection
	GlobalSection(ProjectConfigurationPlatforms) = postSolution
		{B56DAB45-C086-4F9C-99F7-8BC9619365C8}.Debug|Any CPU.ActiveCfg = Debug|Any CPU
		{B56DAB45-C086-4F9C-99F7-8BC9619365C8}.Debug|Any CPU.Build.0 = Debug|Any CPU
	EndGlobalSection
	GlobalSection(SolutionProperties) = preSolution
		HideSolutionNode = FALSE
	EndGlobalSection
	GlobalSection(ExtensibilityGlobals) = postSolution
		SolutionGuid = {1DEAF174-C49F-43EB-9329-4BF84A6B89DB}
	EndGlobalSection
	GlobalSection(TeamFoundationVersionControl) = preSolution
		SccNumberOfProjects = 2
		SccEnterpriseProvider = {4CA58AB2-18FA-4F8D-95D4-32DDF27D184C}
		SccTeamFoundationServer = https://eec-dv-wb-w006/educator%20services
		SccLocalPath0 = .
		SccWebProject1 = true
		SccProjectUniqueName1 = .
		SccLocalPath1 = .
		SccProjectEnlistmentChoice1 = 2
	EndGlobalSection
EndGlobal
